
Microsoft Visual Studio Solution File, Format Version 12.00
# Visual Studio Version 17
VisualStudioVersion = 17.6.33815.320
MinimumVisualStudioVersion = 10.0.40219.1
Project("{FAE04EC0-301F-11D3-BF4B-00C04F79EFBC}") = "WebGrilla", "WebGrilla.csproj", "{6C87316C-F159-4C84-AD5D-3D92773B050A}"
EndProject
Global
	GlobalSection(SolutionConfigurationPlatforms) = preSolution
		Debug|Any CPU = Debug|Any CPU
		Release|Any CPU = Release|Any CPU
	EndGlobalSection
	GlobalSection(ProjectConfigurationPlatforms) = postSolution
		{6C87316C-F159-4C84-AD5D-3D92773B050A}.Debug|Any CPU.ActiveCfg = Debug|Any CPU
		{6C87316C-F159-4C84-AD5D-3D92773B050A}.Debug|Any CPU.Build.0 = Debug|Any CPU
		{6C87316C-F159-4C84-AD5D-3D92773B050A}.Release|Any CPU.ActiveCfg = Release|Any CPU
		{6C87316C-F159-4C84-AD5D-3D92773B050A}.Release|Any CPU.Build.0 = Release|Any CPU
	EndGlobalSection
	GlobalSection(SolutionProperties) = preSolution
		HideSolutionNode = FALSE
	EndGlobalSection
	GlobalSection(ExtensibilityGlobals) = postSolution
		SolutionGuid = {399C761F-81D9-47DD-8F76-3221353BDE64}
	EndGlobalSection
EndGlobal
